// !$*UTF8*$!
{
	archiveVersion = 1;
	classes = {
	};
	objectVersion = 46;
	objects = {

/* Begin PBXBuildFile section */
		0397E3521CA4CC77002F441D /* main.m in Sources */ = {isa = PBXBuildFile; fileRef = 0397E3511CA4CC77002F441D /* main.m */; };
		0397E3551CA4CC77002F441D /* AppDelegate.m in Sources */ = {isa = PBXBuildFile; fileRef = 0397E3541CA4CC77002F441D /* AppDelegate.m */; };
		0397E3581CA4CC77002F441D /* ViewController.m in Sources */ = {isa = PBXBuildFile; fileRef = 0397E3571CA4CC77002F441D /* ViewController.m */; };
		0397E35B1CA4CC78002F441D /* Main.storyboard in Resources */ = {isa = PBXBuildFile; fileRef = 0397E3591CA4CC78002F441D /* Main.storyboard */; };
		0397E35D1CA4CC78002F441D /* Assets.xcassets in Resources */ = {isa = PBXBuildFile; fileRef = 0397E35C1CA4CC78002F441D /* Assets.xcassets */; };
		0397E3601CA4CC78002F441D /* LaunchScreen.storyboard in Resources */ = {isa = PBXBuildFile; fileRef = 0397E35E1CA4CC78002F441D /* LaunchScreen.storyboard */; };
		0397E3691CA4CCE5002F441D /* SRMModalViewController.m in Sources */ = {isa = PBXBuildFile; fileRef = 0397E3681CA4CCE5002F441D /* SRMModalViewController.m */; };
/* End PBXBuildFile section */

/* Begin PBXFileReference section */
		0397E34D1CA4CC76002F441D /* Example.app */ = {isa = PBXFileReference; explicitFileType = wrapper.application; includeInIndex = 0; path = Example.app; sourceTree = BUILT_PRODUCTS_DIR; };
		0397E3511CA4CC77002F441D /* main.m */ = {isa = PBXFileReference; lastKnownFileType = sourcecode.c.objc; path = main.m; sourceTree = "<group>"; };
		0397E3531CA4CC77002F441D /* AppDelegate.h */ = {isa = PBXFileReference; lastKnownFileType = sourcecode.c.h; path = AppDelegate.h; sourceTree = "<group>"; };
		0397E3541CA4CC77002F441D /* AppDelegate.m */ = {isa = PBXFileReference; lastKnownFileType = sourcecode.c.objc; path = AppDelegate.m; sourceTree = "<group>"; };
		0397E3561CA4CC77002F441D /* ViewController.h */ = {isa = PBXFileReference; lastKnownFileType = sourcecode.c.h; path = ViewController.h; sourceTree = "<group>"; };
		0397E3571CA4CC77002F441D /* ViewController.m */ = {isa = PBXFileReference; lastKnownFileType = sourcecode.c.objc; path = ViewController.m; sourceTree = "<group>"; };
		0397E35A1CA4CC78002F441D /* Base */ = {isa = PBXFileReference; lastKnownFileType = file.storyboard; name = Base; path = Base.lproj/Main.storyboard; sourceTree = "<group>"; };
		0397E35C1CA4CC78002F441D /* Assets.xcassets */ = {isa = PBXFileReference; lastKnownFileType = folder.assetcatalog; path = Assets.xcassets; sourceTree = "<group>"; };
		0397E35F1CA4CC78002F441D /* Base */ = {isa = PBXFileReference; lastKnownFileType = file.storyboard; name = Base; path = Base.lproj/LaunchScreen.storyboard; sourceTree = "<group>"; };
		0397E3611CA4CC78002F441D /* Info.plist */ = {isa = PBXFileReference; lastKnownFileType = text.plist.xml; path = Info.plist; sourceTree = "<group>"; };
		0397E3671CA4CCE5002F441D /* SRMModalViewController.h */ = {isa = PBXFileReference; fileEncoding = 4; lastKnownFileType = sourcecode.c.h; name = SRMModalViewController.h; path = ../SRMModalViewController.h; sourceTree = "<group>"; };
		0397E3681CA4CCE5002F441D /* SRMModalViewController.m */ = {isa = PBXFileReference; fileEncoding = 4; lastKnownFileType = sourcecode.c.objc; name = SRMModalViewController.m; path = ../SRMModalViewController.m; sourceTree = "<group>"; };
/* End PBXFileReference section */

/* Begin PBXFrameworksBuildPhase section */
		0397E34A1CA4CC76002F441D /* Frameworks */ = {
			isa = PBXFrameworksBuildPhase;
			buildActionMask = 2147483647;
			files = (
			);
			runOnlyForDeploymentPostprocessing = 0;
		};
/* End PBXFrameworksBuildPhase section */

/* Begin PBXGroup section */
		0397E3441CA4CC75002F441D = {
			isa = PBXGroup;
			children = (
				0397E3671CA4CCE5002F441D /* SRMModalViewController.h */,
				0397E3681CA4CCE5002F441D /* SRMModalViewController.m */,
				0397E34F1CA4CC77002F441D /* Example */,
				0397E34E1CA4CC76002F441D /* Products */,
			);
			sourceTree = "<group>";
		};
		0397E34E1CA4CC76002F441D /* Products */ = {
			isa = PBXGroup;
			children = (
				0397E34D1CA4CC76002F441D /* Example.app */,
			);
			name = Products;
			sourceTree = "<group>";
		};
		0397E34F1CA4CC77002F441D /* Example */ = {
			isa = PBXGroup;
			children = (
				0397E3531CA4CC77002F441D /* AppDelegate.h */,
				0397E3541CA4CC77002F441D /* AppDelegate.m */,
				0397E3561CA4CC77002F441D /* ViewController.h */,
				0397E3571CA4CC77002F441D /* ViewController.m */,
				0397E3591CA4CC78002F441D /* Main.storyboard */,
				0397E35C1CA4CC78002F441D /* Assets.xcassets */,
				0397E35E1CA4CC78002F441D /* LaunchScreen.storyboard */,
				0397E3611CA4CC78002F441D /* Info.plist */,
				0397E3501CA4CC77002F441D /* Supporting Files */,
			);
			path = Example;
			sourceTree = "<group>";
		};
		0397E3501CA4CC77002F441D /* Supporting Files */ = {
			isa = PBXGroup;
			children = (
				0397E3511CA4CC77002F441D /* main.m */,
			);
			name = "Supporting Files";
			sourceTree = "<group>";
		};
/* End PBXGroup section */

/* Begin PBXNativeTarget section */
		0397E34C1CA4CC76002F441D /* Example */ = {
			isa = PBXNativeTarget;
			buildConfigurationList = 0397E3641CA4CC78002F441D /* Build configuration list for PBXNativeTarget "Example" */;
			buildPhases = (
				0397E3491CA4CC76002F441D /* Sources */,
				0397E34A1CA4CC76002F441D /* Frameworks */,
				0397E34B1CA4CC76002F441D /* Resources */,
			);
			buildRules = (
			);
			dependencies = (
			);
			name = Example;
			productName = Example;
			productReference = 0397E34D1CA4CC76002F441D /* Example.app */;
			productType = "com.apple.product-type.application";
		};
/* End PBXNativeTarget section */

/* Begin PBXProject section */
		0397E3451CA4CC75002F441D /* Project object */ = {
			isa = PBXProject;
			attributes = {
				LastUpgradeCheck = 0720;
				ORGANIZATIONNAME = S.R;
				TargetAttributes = {
					0397E34C1CA4CC76002F441D = {
						CreatedOnToolsVersion = 7.2;
					};
				};
			};
			buildConfigurationList = 0397E3481CA4CC75002F441D /* Build configuration list for PBXProject "Example" */;
			compatibilityVersion = "Xcode 3.2";
			developmentRegion = English;
			hasScannedForEncodings = 0;
			knownRegions = (
				en,
				Base,
			);
			mainGroup = 0397E3441CA4CC75002F441D;
			productRefGroup = 0397E34E1CA4CC76002F441D /* Products */;
			projectDirPath = "";
			projectRoot = "";
			targets = (
				0397E34C1CA4CC76002F441D /* Example */,
			);
		};
/* End PBXProject section */

/* Begin PBXResourcesBuildPhase section */
		0397E34B1CA4CC76002F441D /* Resources */ = {
			isa = PBXResourcesBuildPhase;
			buildActionMask = 2147483647;
			files = (
				0397E3601CA4CC78002F441D /* LaunchScreen.storyboard in Resources */,
				0397E35D1CA4CC78002F441D /* Assets.xcassets in Resources */,
				0397E35B1CA4CC78002F441D /* Main.storyboard in Resources */,
			);
			runOnlyForDeploymentPostprocessing = 0;
		};
/* End PBXResourcesBuildPhase section */

/* Begin PBXSourcesBuildPhase section */
		0397E3491CA4CC76002F441D /* Sources */ = {
			isa = PBXSourcesBuildPhase;
			buildActionMask = 2147483647;
			files = (
				0397E3581CA4CC77002F441D /* ViewController.m in Sources */,
				0397E3691CA4CCE5002F441D /* SRMModalViewController.m in Sources */,
				0397E3551CA4CC77002F441D /* AppDelegate.m in Sources */,
				0397E3521CA4CC77002F441D /* main.m in Sources */,
			);
			runOnlyForDeploymentPostprocessing = 0;
		};
/* End PBXSourcesBuildPhase section */

/* Begin PBXVariantGroup section */
		0397E3591CA4CC78002F441D /* Main.storyboard */ = {
			isa = PBXVariantGroup;
			children = (
				0397E35A1CA4CC78002F441D /* Base */,
			);
			name = Main.storyboard;
			sourceTree = "<group>";
		};
		0397E35E1CA4CC78002F441D /* LaunchScreen.storyboard */ = {
			isa = PBXVariantGroup;
			children = (
				0397E35F1CA4CC78002F441D /* Base */,
			);
			name = LaunchScreen.storyboard;
			sourceTree = "<group>";
		};
/* End PBXVariantGroup section */

/* Begin XCBuildConfiguration section */
		0397E3621CA4CC78002F441D /* Debug */ = {
			isa = XCBuildConfiguration;
			buildSettings = {
				ALWAYS_SEARCH_USER_PATHS = NO;
				CLANG_CXX_LANGUAGE_STANDARD = "gnu++0x";
				CLANG_CXX_LIBRARY = "libc++";
				CLANG_ENABLE_MODULES = YES;
				CLANG_ENABLE_OBJC_ARC = YES;
				CLANG_WARN_BOOL_CONVERSION = YES;
				CLANG_WARN_CONSTANT_CONVERSION = YES;
				CLANG_WARN_DIRECT_OBJC_ISA_USAGE = YES_ERROR;
				CLANG_WARN_EMPTY_BODY = YES;
				CLANG_WARN_ENUM_CONVERSION = YES;
				CLANG_WARN_INT_CONVERSION = YES;
				CLANG_WARN_OBJC_ROOT_CLASS = YES_ERROR;
				CLANG_WARN_UNREACHABLE_CODE = YES;
				CLANG_WARN__DUPLICATE_METHOD_MATCH = YES;
				"CODE_SIGN_IDENTITY[sdk=iphoneos*]" = "iPhone Developer";
				COPY_PHASE_STRIP = NO;
				DEBUG_INFORMATION_FORMAT = dwarf;
				ENABLE_STRICT_OBJC_MSGSEND = YES;
				ENABLE_TESTABILITY = YES;
				GCC_C_LANGUAGE_STANDARD = gnu99;
				GCC_DYNAMIC_NO_PIC = NO;
				GCC_NO_COMMON_BLOCKS = YES;
				GCC_OPTIMIZATION_LEVEL = 0;
				GCC_PREPROCESSOR_DEFINITIONS = (
					"DEBUG=1",
					"$(inherited)",
				);
				GCC_WARN_64_TO_32_BIT_CONVERSION = YES;
				GCC_WARN_ABOUT_RETURN_TYPE = YES_ERROR;
				GCC_WARN_UNDECLARED_SELECTOR = YES;
				GCC_WARN_UNINITIALIZED_AUTOS = YES_AGGRESSIVE;
				GCC_WARN_UNUSED_FUNCTION = YES;
				GCC_WARN_UNUSED_VARIABLE = YES;
				IPHONEOS_DEPLOYMENT_TARGET = 9.2;
				MTL_ENABLE_DEBUG_INFO = YES;
				ONLY_ACTIVE_ARCH = YES;
				SDKROOT = iphoneos;
				TARGETED_DEVICE_FAMILY = "1,2";
			};
			name = Debug;
		};
		0397E3631CA4CC78002F441D /* Release */ = {
			isa = XCBuildConfiguration;
			buildSettings = {
				ALWAYS_SEARCH_USER_PATHS = NO;
				CLANG_CXX_LANGUAGE_STANDARD = "gnu++0x";
				CLANG_CXX_LIBRARY = "libc++";
				CLANG_ENABLE_MODULES = YES;
				CLANG_ENABLE_OBJC_ARC = YES;
				CLANG_WARN_BOOL_CONVERSION = YES;
				CLANG_WARN_CONSTANT_CONVERSION = YES;
				CLANG_WARN_DIRECT_OBJC_ISA_USAGE = YES_ERROR;
				CLANG_WARN_EMPTY_BODY = YES;
				CLANG_WARN_ENUM_CONVERSION = YES;
				CLANG_WARN_INT_CONVERSION = YES;
				CLANG_WARN_OBJC_ROOT_CLASS = YES_ERROR;
				CLANG_WARN_UNREACHABLE_CODE = YES;
				CLANG_WARN__DUPLICATE_METHOD_MATCH = YES;
				"CODE_SIGN_IDENTITY[sdk=iphoneos*]" = "iPhone Developer";
				COPY_PHASE_STRIP = NO;
				DEBUG_INFORMATION_FORMAT = "dwarf-with-dsym";
				ENABLE_NS_ASSERTIONS = NO;
				ENABLE_STRICT_OBJC_MSGSEND = YES;
				GCC_C_LANGUAGE_STANDARD = gnu99;
				GCC_NO_COMMON_BLOCKS = YES;
				GCC_WARN_64_TO_32_BIT_CONVERSION = YES;
				GCC_WARN_ABOUT_RETURN_TYPE = YES_ERROR;
				GCC_WARN_UNDECLARED_SELECTOR = YES;
				GCC_WARN_UNINITIALIZED_AUTOS = YES_AGGRESSIVE;
				GCC_WARN_UNUSED_FUNCTION = YES;
				GCC_WARN_UNUSED_VARIABLE = YES;
				IPHONEOS_DEPLOYMENT_TARGET = 9.2;
				MTL_ENABLE_DEBUG_INFO = NO;
				SDKROOT = iphoneos;
				TARGETED_DEVICE_FAMILY = "1,2";
				VALIDATE_PRODUCT = YES;
			};
			name = Release;
		};
		0397E3651CA4CC78002F441D /* Debug */ = {
			isa = XCBuildConfiguration;
			buildSettings = {
				ASSETCATALOG_COMPILER_APPICON_NAME = AppIcon;
				INFOPLIST_FILE = Example/Info.plist;
				IPHONEOS_DEPLOYMENT_TARGET = 8.0;
				LD_RUNPATH_SEARCH_PATHS = "$(inherited) @executable_path/Frameworks";
				PRODUCT_BUNDLE_IDENTIFIER = com.sr.Example;
				PRODUCT_NAME = "$(TARGET_NAME)";
			};
			name = Debug;
		};
		0397E3661CA4CC78002F441D /* Release */ = {
			isa = XCBuildConfiguration;
			buildSettings = {
				ASSETCATALOG_COMPILER_APPICON_NAME = AppIcon;
				INFOPLIST_FILE = Example/Info.plist;
				IPHONEOS_DEPLOYMENT_TARGET = 8.0;
				LD_RUNPATH_SEARCH_PATHS = "$(inherited) @executable_path/Frameworks";
				PRODUCT_BUNDLE_IDENTIFIER = com.sr.Example;
				PRODUCT_NAME = "$(TARGET_NAME)";
			};
			name = Release;
		};
/* End XCBuildConfiguration section */

/* Begin XCConfigurationList section */
		0397E3481CA4CC75002F441D /* Build configuration list for PBXProject "Example" */ = {
			isa = XCConfigurationList;
			buildConfigurations = (
				0397E3621CA4CC78002F441D /* Debug */,
				0397E3631CA4CC78002F441D /* Release */,
			);
			defaultConfigurationIsVisible = 0;
			defaultConfigurationName = Release;
		};
		0397E3641CA4CC78002F441D /* Build configuration list for PBXNativeTarget "Example" */ = {
			isa = XCConfigurationList;
			buildConfigurations = (
				0397E3651CA4CC78002F441D /* Debug */,
				0397E3661CA4CC78002F441D /* Release */,
			);
			defaultConfigurationIsVisible = 0;
		};
/* End XCConfigurationList section */
	};
	rootObject = 0397E3451CA4CC75002F441D /* Project object */;
}
